{
  "name": "syzygys",
  "version": "0.0.1",
  "lockfileVersion": 1,
  "requires": true,
  "dependencies": {
    "eslint-config-airbnb-base": {
      "version": "12.0.0",
      "resolved": "https://registry.npmjs.org/eslint-config-airbnb-base/-/eslint-config-airbnb-base-12.0.0.tgz",
      "integrity": "sha512-/XlFQGn3Mkwm642/GYBtOH3pgFX4Z7saBsqqyp96v0bEUPq24nIrZ6N72qAoD0lR2wAne4EC4YsHYkbPfaRfiA==",
      "dev": true,
      "requires": {
        "eslint-restricted-globals": "0.1.1"
      }
    },
    "eslint-restricted-globals": {
      "version": "0.1.1",
      "resolved": "https://registry.npmjs.org/eslint-restricted-globals/-/eslint-restricted-globals-0.1.1.tgz",
      "integrity": "sha1-NfDVy8ZMLj7WLpO0saevBbp+1Nc=",
      "dev": true
    }
  }
}
